// !$*UTF8*$!
{
	archiveVersion = 1;
	classes = {};
	objectVersion = 77;
	objects = {

/* Begin PBXBuildFile section */
		A10000000000000000000001 /* BridgeBrowserApp.swift in Sources */ = {isa = PBXBuildFile; fileRef = A20000000000000000000001 /* BridgeBrowserApp.swift */; };
		A10000000000000000000002 /* BridgeModels.swift in Sources */ = {isa = PBXBuildFile; fileRef = A20000000000000000000002 /* BridgeModels.swift */; };
		A10000000000000000000003 /* BridgeCrypto.swift in Sources */ = {isa = PBXBuildFile; fileRef = A20000000000000000000003 /* BridgeCrypto.swift */; };
		A10000000000000000000004 /* PairingStore.swift in Sources */ = {isa = PBXBuildFile; fileRef = A20000000000000000000004 /* PairingStore.swift */; };
		A10000000000000000000005 /* RelayClient.swift in Sources */ = {isa = PBXBuildFile; fileRef = A20000000000000000000005 /* RelayClient.swift */; };
		A10000000000000000000006 /* BrowserController.swift in Sources */ = {isa = PBXBuildFile; fileRef = A20000000000000000000006 /* BrowserController.swift */; };
		A10000000000000000000007 /* BrowserView.swift in Sources */ = {isa = PBXBuildFile; fileRef = A20000000000000000000007 /* BrowserView.swift */; };
		A10000000000000000000008 /* QRCodeScanner.swift in Sources */ = {isa = PBXBuildFile; fileRef = A20000000000000000000008 /* QRCodeScanner.swift */; };
		A10000000000000000000009 /* AppModel.swift in Sources */ = {isa = PBXBuildFile; fileRef = A20000000000000000000009 /* AppModel.swift */; };
		A1000000000000000000000A /* ContentView.swift in Sources */ = {isa = PBXBuildFile; fileRef = A2000000000000000000000A /* ContentView.swift */; };
/* End PBXBuildFile section */

/* Begin PBXFileReference section */
		A20000000000000000000001 /* BridgeBrowserApp.swift */ = {isa = PBXFileReference; lastKnownFileType = sourcecode.swift; path = BridgeBrowserApp.swift; sourceTree = "<group>"; };
		A20000000000000000000002 /* BridgeModels.swift */ = {isa = PBXFileReference; lastKnownFileType = sourcecode.swift; path = BridgeModels.swift; sourceTree = "<group>"; };
		A20000000000000000000003 /* BridgeCrypto.swift */ = {isa = PBXFileReference; lastKnownFileType = sourcecode.swift; path = BridgeCrypto.swift; sourceTree = "<group>"; };
		A20000000000000000000004 /* PairingStore.swift */ = {isa = PBXFileReference; lastKnownFileType = sourcecode.swift; path = PairingStore.swift; sourceTree = "<group>"; };
		A20000000000000000000005 /* RelayClient.swift */ = {isa = PBXFileReference; lastKnownFileType = sourcecode.swift; path = RelayClient.swift; sourceTree = "<group>"; };
		A20000000000000000000006 /* BrowserController.swift */ = {isa = PBXFileReference; lastKnownFileType = sourcecode.swift; path = BrowserController.swift; sourceTree = "<group>"; };
		A20000000000000000000007 /* BrowserView.swift */ = {isa = PBXFileReference; lastKnownFileType = sourcecode.swift; path = BrowserView.swift; sourceTree = "<group>"; };
		A20000000000000000000008 /* QRCodeScanner.swift */ = {isa = PBXFileReference; lastKnownFileType = sourcecode.swift; path = QRCodeScanner.swift; sourceTree = "<group>"; };
		A20000000000000000000009 /* AppModel.swift */ = {isa = PBXFileReference; lastKnownFileType = sourcecode.swift; path = AppModel.swift; sourceTree = "<group>"; };
		A2000000000000000000000A /* ContentView.swift */ = {isa = PBXFileReference; lastKnownFileType = sourcecode.swift; path = ContentView.swift; sourceTree = "<group>"; };
		A2000000000000000000000B /* Info.plist */ = {isa = PBXFileReference; lastKnownFileType = text.plist.xml; path = Info.plist; sourceTree = "<group>"; };
		A2000000000000000000000C /* BridgeBrowser.app */ = {isa = PBXFileReference; explicitFileType = wrapper.application; includeInIndex = 0; path = BridgeBrowser.app; sourceTree = BUILT_PRODUCTS_DIR; };
/* End PBXFileReference section */

/* Begin PBXFrameworksBuildPhase section */
		A30000000000000000000001 /* Frameworks */ = {
			isa = PBXFrameworksBuildPhase;
			buildActionMask = 2147483647;
			files = ();
			runOnlyForDeploymentPostprocessing = 0;
		};
/* End PBXFrameworksBuildPhase section */

/* Begin PBXGroup section */
		A40000000000000000000001 = {
			isa = PBXGroup;
			children = (
				A40000000000000000000002 /* BridgeBrowser */,
				A40000000000000000000003 /* Products */,
			);
			sourceTree = "<group>";
		};
		A40000000000000000000002 /* BridgeBrowser */ = {
			isa = PBXGroup;
			children = (
				A20000000000000000000001 /* BridgeBrowserApp.swift */,
				A20000000000000000000002 /* BridgeModels.swift */,
				A20000000000000000000003 /* BridgeCrypto.swift */,
				A20000000000000000000004 /* PairingStore.swift */,
				A20000000000000000000005 /* RelayClient.swift */,
				A20000000000000000000006 /* BrowserController.swift */,
				A20000000000000000000007 /* BrowserView.swift */,
				A20000000000000000000008 /* QRCodeScanner.swift */,
				A20000000000000000000009 /* AppModel.swift */,
				A2000000000000000000000A /* ContentView.swift */,
				A2000000000000000000000B /* Info.plist */,
			);
			path = BridgeBrowser;
			sourceTree = "<group>";
		};
		A40000000000000000000003 /* Products */ = {
			isa = PBXGroup;
			children = (A2000000000000000000000C /* BridgeBrowser.app */);
			name = Products;
			sourceTree = "<group>";
		};
/* End PBXGroup section */

/* Begin PBXNativeTarget section */
		A50000000000000000000001 /* BridgeBrowser */ = {
			isa = PBXNativeTarget;
			buildConfigurationList = A90000000000000000000002 /* Build configuration list for PBXNativeTarget "BridgeBrowser" */;
			buildPhases = (
				A30000000000000000000002 /* Sources */,
				A30000000000000000000001 /* Frameworks */,
				A30000000000000000000003 /* Resources */,
			);
			buildRules = ();
			dependencies = ();
			name = BridgeBrowser;
			productName = BridgeBrowser;
			productReference = A2000000000000000000000C /* BridgeBrowser.app */;
			productType = "com.apple.product-type.application";
		};
/* End PBXNativeTarget section */

/* Begin PBXProject section */
		A60000000000000000000001 /* Project object */ = {
			isa = PBXProject;
			attributes = {
				BuildIndependentTargetsInParallel = 1;
				LastSwiftUpdateCheck = 2660;
				LastUpgradeCheck = 2660;
				TargetAttributes = { A50000000000000000000001 = { CreatedOnToolsVersion = 26.6; }; };
			};
			buildConfigurationList = A90000000000000000000001 /* Build configuration list for PBXProject "BridgeBrowser" */;
			compatibilityVersion = "Xcode 16.0";
			developmentRegion = en;
			hasScannedForEncodings = 0;
			knownRegions = (en, Base);
			mainGroup = A40000000000000000000001;
			productRefGroup = A40000000000000000000003 /* Products */;
			projectDirPath = "";
			projectRoot = "";
			targets = (A50000000000000000000001 /* BridgeBrowser */);
		};
/* End PBXProject section */

/* Begin PBXResourcesBuildPhase section */
		A30000000000000000000003 /* Resources */ = {
			isa = PBXResourcesBuildPhase;
			buildActionMask = 2147483647;
			files = ();
			runOnlyForDeploymentPostprocessing = 0;
		};
/* End PBXResourcesBuildPhase section */

/* Begin PBXSourcesBuildPhase section */
		A30000000000000000000002 /* Sources */ = {
			isa = PBXSourcesBuildPhase;
			buildActionMask = 2147483647;
			files = (
				A10000000000000000000001 /* BridgeBrowserApp.swift in Sources */,
				A10000000000000000000002 /* BridgeModels.swift in Sources */,
				A10000000000000000000003 /* BridgeCrypto.swift in Sources */,
				A10000000000000000000004 /* PairingStore.swift in Sources */,
				A10000000000000000000005 /* RelayClient.swift in Sources */,
				A10000000000000000000006 /* BrowserController.swift in Sources */,
				A10000000000000000000007 /* BrowserView.swift in Sources */,
				A10000000000000000000008 /* QRCodeScanner.swift in Sources */,
				A10000000000000000000009 /* AppModel.swift in Sources */,
				A1000000000000000000000A /* ContentView.swift in Sources */,
			);
			runOnlyForDeploymentPostprocessing = 0;
		};
/* End PBXSourcesBuildPhase section */

/* Begin XCBuildConfiguration section */
		A80000000000000000000001 /* Debug */ = {
			isa = XCBuildConfiguration;
			buildSettings = {
				CLANG_ENABLE_MODULES = YES;
				COPY_PHASE_STRIP = NO;
				DEBUG_INFORMATION_FORMAT = dwarf;
				ENABLE_TESTABILITY = YES;
				GCC_C_LANGUAGE_STANDARD = gnu17;
				GCC_OPTIMIZATION_LEVEL = 0;
				IPHONEOS_DEPLOYMENT_TARGET = 17.0;
				ONLY_ACTIVE_ARCH = YES;
				SDKROOT = iphoneos;
				SWIFT_ACTIVE_COMPILATION_CONDITIONS = "DEBUG $(inherited)";
				SWIFT_OPTIMIZATION_LEVEL = "-Onone";
			};
			name = Debug;
		};
		A80000000000000000000002 /* Release */ = {
			isa = XCBuildConfiguration;
			buildSettings = {
				CLANG_ENABLE_MODULES = YES;
				DEBUG_INFORMATION_FORMAT = "dwarf-with-dsym";
				GCC_C_LANGUAGE_STANDARD = gnu17;
				IPHONEOS_DEPLOYMENT_TARGET = 17.0;
				SDKROOT = iphoneos;
				SWIFT_COMPILATION_MODE = wholemodule;
				SWIFT_OPTIMIZATION_LEVEL = "-O";
			};
			name = Release;
		};
		A80000000000000000000003 /* Debug */ = {
			isa = XCBuildConfiguration;
			buildSettings = {
				CODE_SIGN_STYLE = Automatic;
				CURRENT_PROJECT_VERSION = 3;
				GENERATE_INFOPLIST_FILE = NO;
				INFOPLIST_FILE = BridgeBrowser/Info.plist;
				IPHONEOS_DEPLOYMENT_TARGET = 17.0;
				MARKETING_VERSION = 0.2.0;
				PRODUCT_BUNDLE_IDENTIFIER = com.example.chatgptiphonebridge.BridgeBrowser;
				PRODUCT_NAME = "$(TARGET_NAME)";
				SUPPORTED_PLATFORMS = "iphoneos iphonesimulator";
				SUPPORTS_MACCATALYST = NO;
				SWIFT_STRICT_CONCURRENCY = targeted;
				SWIFT_VERSION = 6.0;
				TARGETED_DEVICE_FAMILY = 1;
			};
			name = Debug;
		};
		A80000000000000000000004 /* Release */ = {
			isa = XCBuildConfiguration;
			buildSettings = {
				CODE_SIGN_STYLE = Automatic;
				CURRENT_PROJECT_VERSION = 3;
				GENERATE_INFOPLIST_FILE = NO;
				INFOPLIST_FILE = BridgeBrowser/Info.plist;
				IPHONEOS_DEPLOYMENT_TARGET = 17.0;
				MARKETING_VERSION = 0.2.0;
				PRODUCT_BUNDLE_IDENTIFIER = com.example.chatgptiphonebridge.BridgeBrowser;
				PRODUCT_NAME = "$(TARGET_NAME)";
				SUPPORTED_PLATFORMS = "iphoneos iphonesimulator";
				SUPPORTS_MACCATALYST = NO;
				SWIFT_STRICT_CONCURRENCY = targeted;
				SWIFT_VERSION = 6.0;
				TARGETED_DEVICE_FAMILY = 1;
			};
			name = Release;
		};
/* End XCBuildConfiguration section */

/* Begin XCConfigurationList section */
		A90000000000000000000001 /* Build configuration list for PBXProject "BridgeBrowser" */ = {
			isa = XCConfigurationList;
			buildConfigurations = (A80000000000000000000001 /* Debug */, A80000000000000000000002 /* Release */);
			defaultConfigurationIsVisible = 0;
			defaultConfigurationName = Release;
		};
		A90000000000000000000002 /* Build configuration list for PBXNativeTarget "BridgeBrowser" */ = {
			isa = XCConfigurationList;
			buildConfigurations = (A80000000000000000000003 /* Debug */, A80000000000000000000004 /* Release */);
			defaultConfigurationIsVisible = 0;
			defaultConfigurationName = Release;
		};
/* End XCConfigurationList section */
	};
	rootObject = A60000000000000000000001 /* Project object */;
}
